
Microsoft Visual Studio Solution File, Format Version 12.00
# Visual Studio Version 17
VisualStudioVersion = 17.14.36603.0 d17.14
MinimumVisualStudioVersion = 10.0.40219.1
Project("{FAE04EC0-301F-11D3-BF4B-00C04F79EFBC}") = "Pr7", "Pr7\Pr7.csproj", "{3B8CA2AB-BA3D-4659-A0EE-31231926A8AB}"
EndProject
Global
	GlobalSection(SolutionConfigurationPlatforms) = preSolution
		Debug|Any CPU = Debug|Any CPU
		Release|Any CPU = Release|Any CPU
	EndGlobalSection
	GlobalSection(ProjectConfigurationPlatforms) = postSolution
		{3B8CA2AB-BA3D-4659-A0EE-31231926A8AB}.Debug|Any CPU.ActiveCfg = Debug|Any CPU
		{3B8CA2AB-BA3D-4659-A0EE-31231926A8AB}.Debug|Any CPU.Build.0 = Debug|Any CPU
		{3B8CA2AB-BA3D-4659-A0EE-31231926A8AB}.Release|Any CPU.ActiveCfg = Release|Any CPU
		{3B8CA2AB-BA3D-4659-A0EE-31231926A8AB}.Release|Any CPU.Build.0 = Release|Any CPU
	EndGlobalSection
	GlobalSection(SolutionProperties) = preSolution
		HideSolutionNode = FALSE
	EndGlobalSection
	GlobalSection(ExtensibilityGlobals) = postSolution
		SolutionGuid = {BB71F482-1640-4BA3-8BEC-1BF3DE59AAFB}
	EndGlobalSection
EndGlobal
